
Microsoft Visual Studio Solution File, Format Version 12.00
# Visual Studio Version 16
VisualStudioVersion = 16.0.31702.278
MinimumVisualStudioVersion = 10.0.40219.1
Project("{FAE04EC0-301F-11D3-BF4B-00C04F79EFBC}") = "CopyCSVFile", "CopyCSVFile.csproj", "{265B3EC2-BBFD-447E-8B78-9C3B559FD829}"
EndProject
Global
	GlobalSection(SolutionConfigurationPlatforms) = preSolution
		Debug|Any CPU = Debug|Any CPU
		Release|Any CPU = Release|Any CPU
	EndGlobalSection
	GlobalSection(ProjectConfigurationPlatforms) = postSolution
		{265B3EC2-BBFD-447E-8B78-9C3B559FD829}.Debug|Any CPU.ActiveCfg = Debug|Any CPU
		{265B3EC2-BBFD-447E-8B78-9C3B559FD829}.Debug|Any CPU.Build.0 = Debug|Any CPU
		{265B3EC2-BBFD-447E-8B78-9C3B559FD829}.Release|Any CPU.ActiveCfg = Release|Any CPU
		{265B3EC2-BBFD-447E-8B78-9C3B559FD829}.Release|Any CPU.Build.0 = Release|Any CPU
	EndGlobalSection
	GlobalSection(SolutionProperties) = preSolution
		HideSolutionNode = FALSE
	EndGlobalSection
	GlobalSection(ExtensibilityGlobals) = postSolution
		SolutionGuid = {7D1532B9-9804-493F-B946-91134B513FE9}
	EndGlobalSection
EndGlobal
