
Microsoft Visual Studio Solution File, Format Version 12.00
# Visual Studio Version 16
VisualStudioVersion = 16.0.31702.278
MinimumVisualStudioVersion = 10.0.40219.1
Project("{FAE04EC0-301F-11D3-BF4B-00C04F79EFBC}") = "CSVFile", "CSVFile.csproj", "{7EB4DE0E-B632-464D-AE74-7093986DE4FB}"
EndProject
Global
	GlobalSection(SolutionConfigurationPlatforms) = preSolution
		Debug|Any CPU = Debug|Any CPU
		Release|Any CPU = Release|Any CPU
	EndGlobalSection
	GlobalSection(ProjectConfigurationPlatforms) = postSolution
		{7EB4DE0E-B632-464D-AE74-7093986DE4FB}.Debug|Any CPU.ActiveCfg = Debug|Any CPU
		{7EB4DE0E-B632-464D-AE74-7093986DE4FB}.Debug|Any CPU.Build.0 = Debug|Any CPU
		{7EB4DE0E-B632-464D-AE74-7093986DE4FB}.Release|Any CPU.ActiveCfg = Release|Any CPU
		{7EB4DE0E-B632-464D-AE74-7093986DE4FB}.Release|Any CPU.Build.0 = Release|Any CPU
	EndGlobalSection
	GlobalSection(SolutionProperties) = preSolution
		HideSolutionNode = FALSE
	EndGlobalSection
	GlobalSection(ExtensibilityGlobals) = postSolution
		SolutionGuid = {E1602FA6-8226-46BC-872C-2D653F6F9E6B}
	EndGlobalSection
EndGlobal
